
Microsoft Visual Studio Solution File, Format Version 12.00
# Visual Studio Version 17
VisualStudioVersion = 17.4.33110.190
MinimumVisualStudioVersion = 10.0.40219.1
Project("{FAE04EC0-301F-11D3-BF4B-00C04F79EFBC}") = "EFCRepositorySample", "EFCRepositorySample\EFCRepositorySample.csproj", "{A3200684-EFE4-4D96-BAE8-4BA5869F4D71}"
EndProject
Project("{FAE04EC0-301F-11D3-BF4B-00C04F79EFBC}") = "DAL", "DAL\DAL.csproj", "{D0975F56-609F-48BC-9D80-CE349A369DF5}"
EndProject
Project("{FAE04EC0-301F-11D3-BF4B-00C04F79EFBC}") = "BLL", "BLL\BLL.csproj", "{2E05275C-5A92-40EE-8B0D-883AD5E0E2D8}"
EndProject
Global
	GlobalSection(SolutionConfigurationPlatforms) = preSolution
		Debug|Any CPU = Debug|Any CPU
		Release|Any CPU = Release|Any CPU
	EndGlobalSection
	GlobalSection(ProjectConfigurationPlatforms) = postSolution
		{A3200684-EFE4-4D96-BAE8-4BA5869F4D71}.Debug|Any CPU.ActiveCfg = Debug|Any CPU
		{A3200684-EFE4-4D96-BAE8-4BA5869F4D71}.Debug|Any CPU.Build.0 = Debug|Any CPU
		{A3200684-EFE4-4D96-BAE8-4BA5869F4D71}.Release|Any CPU.ActiveCfg = Release|Any CPU
		{A3200684-EFE4-4D96-BAE8-4BA5869F4D71}.Release|Any CPU.Build.0 = Release|Any CPU
		{D0975F56-609F-48BC-9D80-CE349A369DF5}.Debug|Any CPU.ActiveCfg = Debug|Any CPU
		{D0975F56-609F-48BC-9D80-CE349A369DF5}.Debug|Any CPU.Build.0 = Debug|Any CPU
		{D0975F56-609F-48BC-9D80-CE349A369DF5}.Release|Any CPU.ActiveCfg = Release|Any CPU
		{D0975F56-609F-48BC-9D80-CE349A369DF5}.Release|Any CPU.Build.0 = Release|Any CPU
		{2E05275C-5A92-40EE-8B0D-883AD5E0E2D8}.Debug|Any CPU.ActiveCfg = Debug|Any CPU
		{2E05275C-5A92-40EE-8B0D-883AD5E0E2D8}.Debug|Any CPU.Build.0 = Debug|Any CPU
		{2E05275C-5A92-40EE-8B0D-883AD5E0E2D8}.Release|Any CPU.ActiveCfg = Release|Any CPU
		{2E05275C-5A92-40EE-8B0D-883AD5E0E2D8}.Release|Any CPU.Build.0 = Release|Any CPU
	EndGlobalSection
	GlobalSection(SolutionProperties) = preSolution
		HideSolutionNode = FALSE
	EndGlobalSection
	GlobalSection(ExtensibilityGlobals) = postSolution
		SolutionGuid = {A02A7312-36C1-4D69-915D-DD58D8C64315}
	EndGlobalSection
EndGlobal
